// !$*UTF8*$!
{
	archiveVersion = 1;
	classes = {
	};
	objectVersion = 46;
	objects = {

/* Begin PBXBuildFile section */
		F9A814AA1A95F9460059D7C2 /* main.m in Sources */ = {isa = PBXBuildFile; fileRef = F9A814A91A95F9460059D7C2 /* main.m */; };
		F9A814AD1A95F9460059D7C2 /* AppDelegate.m in Sources */ = {isa = PBXBuildFile; fileRef = F9A814AC1A95F9460059D7C2 /* AppDelegate.m */; };
		F9A814B01A95F9460059D7C2 /* test.xcdatamodeld in Sources */ = {isa = PBXBuildFile; fileRef = F9A814AE1A95F9460059D7C2 /* test.xcdatamodeld */; };
		F9A814B31A95F9460059D7C2 /* MasterViewController.m in Sources */ = {isa = PBXBuildFile; fileRef = F9A814B21A95F9460059D7C2 /* MasterViewController.m */; };
		F9A814B61A95F9460059D7C2 /* DetailViewController.m in Sources */ = {isa = PBXBuildFile; fileRef = F9A814B51A95F9460059D7C2 /* DetailViewController.m */; };
		F9A814B91A95F9460059D7C2 /* Main.storyboard in Resources */ = {isa = PBXBuildFile; fileRef = F9A814B71A95F9460059D7C2 /* Main.storyboard */; };
		F9A814BB1A95F9460059D7C2 /* Images.xcassets in Resources */ = {isa = PBXBuildFile; fileRef = F9A814BA1A95F9460059D7C2 /* Images.xcassets */; };
		F9A814BE1A95F9460059D7C2 /* LaunchScreen.xib in Resources */ = {isa = PBXBuildFile; fileRef = F9A814BC1A95F9460059D7C2 /* LaunchScreen.xib */; };
		F9A814CA1A95F9460059D7C2 /* testTests.m in Sources */ = {isa = PBXBuildFile; fileRef = F9A814C91A95F9460059D7C2 /* testTests.m */; };
		F9A814D71A961A9B0059D7C2 /* g12TableViewCell.m in Sources */ = {isa = PBXBuildFile; fileRef = F9A814D61A961A9B0059D7C2 /* g12TableViewCell.m */; };
		F9A814DA1A961E250059D7C2 /* MCAccessibilityView.m in Sources */ = {isa = PBXBuildFile; fileRef = F9A814D91A961E250059D7C2 /* MCAccessibilityView.m */; };
/* End PBXBuildFile section */

/* Begin PBXContainerItemProxy section */
		F9A814C41A95F9460059D7C2 /* PBXContainerItemProxy */ = {
			isa = PBXContainerItemProxy;
			containerPortal = F9A8149C1A95F9460059D7C2 /* Project object */;
			proxyType = 1;
			remoteGlobalIDString = F9A814A31A95F9460059D7C2;
			remoteInfo = test;
		};
/* End PBXContainerItemProxy section */

/* Begin PBXFileReference section */
		F9A814A41A95F9460059D7C2 /* test.app */ = {isa = PBXFileReference; explicitFileType = wrapper.application; includeInIndex = 0; path = test.app; sourceTree = BUILT_PRODUCTS_DIR; };
		F9A814A81A95F9460059D7C2 /* Info.plist */ = {isa = PBXFileReference; lastKnownFileType = text.plist.xml; path = Info.plist; sourceTree = "<group>"; };
		F9A814A91A95F9460059D7C2 /* main.m */ = {isa = PBXFileReference; lastKnownFileType = sourcecode.c.objc; path = main.m; sourceTree = "<group>"; };
		F9A814AB1A95F9460059D7C2 /* AppDelegate.h */ = {isa = PBXFileReference; lastKnownFileType = sourcecode.c.h; path = AppDelegate.h; sourceTree = "<group>"; };
		F9A814AC1A95F9460059D7C2 /* AppDelegate.m */ = {isa = PBXFileReference; lastKnownFileType = sourcecode.c.objc; path = AppDelegate.m; sourceTree = "<group>"; };
		F9A814AF1A95F9460059D7C2 /* test.xcdatamodel */ = {isa = PBXFileReference; lastKnownFileType = wrapper.xcdatamodel; path = test.xcdatamodel; sourceTree = "<group>"; };
		F9A814B11A95F9460059D7C2 /* MasterViewController.h */ = {isa = PBXFileReference; lastKnownFileType = sourcecode.c.h; path = MasterViewController.h; sourceTree = "<group>"; };
		F9A814B21A95F9460059D7C2 /* MasterViewController.m */ = {isa = PBXFileReference; lastKnownFileType = sourcecode.c.objc; path = MasterViewController.m; sourceTree = "<group>"; };
		F9A814B41A95F9460059D7C2 /* DetailViewController.h */ = {isa = PBXFileReference; lastKnownFileType = sourcecode.c.h; path = DetailViewController.h; sourceTree = "<group>"; };
		F9A814B51A95F9460059D7C2 /* DetailViewController.m */ = {isa = PBXFileReference; lastKnownFileType = sourcecode.c.objc; path = DetailViewController.m; sourceTree = "<group>"; };
		F9A814B81A95F9460059D7C2 /* Base */ = {isa = PBXFileReference; lastKnownFileType = file.storyboard; name = Base; path = Base.lproj/Main.storyboard; sourceTree = "<group>"; };
		F9A814BA1A95F9460059D7C2 /* Images.xcassets */ = {isa = PBXFileReference; lastKnownFileType = folder.assetcatalog; path = Images.xcassets; sourceTree = "<group>"; };
		F9A814BD1A95F9460059D7C2 /* Base */ = {isa = PBXFileReference; lastKnownFileType = file.xib; name = Base; path = Base.lproj/LaunchScreen.xib; sourceTree = "<group>"; };
		F9A814C31A95F9460059D7C2 /* testTests.xctest */ = {isa = PBXFileReference; explicitFileType = wrapper.cfbundle; includeInIndex = 0; path = testTests.xctest; sourceTree = BUILT_PRODUCTS_DIR; };
		F9A814C81A95F9460059D7C2 /* Info.plist */ = {isa = PBXFileReference; lastKnownFileType = text.plist.xml; path = Info.plist; sourceTree = "<group>"; };
		F9A814C91A95F9460059D7C2 /* testTests.m */ = {isa = PBXFileReference; lastKnownFileType = sourcecode.c.objc; path = testTests.m; sourceTree = "<group>"; };
		F9A814D51A961A9B0059D7C2 /* g12TableViewCell.h */ = {isa = PBXFileReference; fileEncoding = 4; lastKnownFileType = sourcecode.c.h; path = g12TableViewCell.h; sourceTree = "<group>"; };
		F9A814D61A961A9B0059D7C2 /* g12TableViewCell.m */ = {isa = PBXFileReference; fileEncoding = 4; lastKnownFileType = sourcecode.c.objc; path = g12TableViewCell.m; sourceTree = "<group>"; };
		F9A814D81A961E250059D7C2 /* MCAccessibilityView.h */ = {isa = PBXFileReference; fileEncoding = 4; lastKnownFileType = sourcecode.c.h; path = MCAccessibilityView.h; sourceTree = "<group>"; };
		F9A814D91A961E250059D7C2 /* MCAccessibilityView.m */ = {isa = PBXFileReference; fileEncoding = 4; lastKnownFileType = sourcecode.c.objc; path = MCAccessibilityView.m; sourceTree = "<group>"; };
/* End PBXFileReference section */

/* Begin PBXFrameworksBuildPhase section */
		F9A814A11A95F9460059D7C2 /* Frameworks */ = {
			isa = PBXFrameworksBuildPhase;
			buildActionMask = 2147483647;
			files = (
			);
			runOnlyForDeploymentPostprocessing = 0;
		};
		F9A814C01A95F9460059D7C2 /* Frameworks */ = {
			isa = PBXFrameworksBuildPhase;
			buildActionMask = 2147483647;
			files = (
			);
			runOnlyForDeploymentPostprocessing = 0;
		};
/* End PBXFrameworksBuildPhase section */

/* Begin PBXGroup section */
		F9A8149B1A95F9460059D7C2 = {
			isa = PBXGroup;
			children = (
				F9A814A61A95F9460059D7C2 /* test */,
				F9A814C61A95F9460059D7C2 /* testTests */,
				F9A814A51A95F9460059D7C2 /* Products */,
			);
			sourceTree = "<group>";
		};
		F9A814A51A95F9460059D7C2 /* Products */ = {
			isa = PBXGroup;
			children = (
				F9A814A41A95F9460059D7C2 /* test.app */,
				F9A814C31A95F9460059D7C2 /* testTests.xctest */,
			);
			name = Products;
			sourceTree = "<group>";
		};
		F9A814A61A95F9460059D7C2 /* test */ = {
			isa = PBXGroup;
			children = (
				F9A814AB1A95F9460059D7C2 /* AppDelegate.h */,
				F9A814AC1A95F9460059D7C2 /* AppDelegate.m */,
				F9A814B11A95F9460059D7C2 /* MasterViewController.h */,
				F9A814B21A95F9460059D7C2 /* MasterViewController.m */,
				F9A814B41A95F9460059D7C2 /* DetailViewController.h */,
				F9A814B51A95F9460059D7C2 /* DetailViewController.m */,
				F9A814D81A961E250059D7C2 /* MCAccessibilityView.h */,
				F9A814D91A961E250059D7C2 /* MCAccessibilityView.m */,
				F9A814D51A961A9B0059D7C2 /* g12TableViewCell.h */,
				F9A814D61A961A9B0059D7C2 /* g12TableViewCell.m */,
				F9A814B71A95F9460059D7C2 /* Main.storyboard */,
				F9A814BA1A95F9460059D7C2 /* Images.xcassets */,
				F9A814BC1A95F9460059D7C2 /* LaunchScreen.xib */,
				F9A814AE1A95F9460059D7C2 /* test.xcdatamodeld */,
				F9A814A71A95F9460059D7C2 /* Supporting Files */,
			);
			path = test;
			sourceTree = "<group>";
		};
		F9A814A71A95F9460059D7C2 /* Supporting Files */ = {
			isa = PBXGroup;
			children = (
				F9A814A81A95F9460059D7C2 /* Info.plist */,
				F9A814A91A95F9460059D7C2 /* main.m */,
			);
			name = "Supporting Files";
			sourceTree = "<group>";
		};
		F9A814C61A95F9460059D7C2 /* testTests */ = {
			isa = PBXGroup;
			children = (
				F9A814C91A95F9460059D7C2 /* testTests.m */,
				F9A814C71A95F9460059D7C2 /* Supporting Files */,
			);
			path = testTests;
			sourceTree = "<group>";
		};
		F9A814C71A95F9460059D7C2 /* Supporting Files */ = {
			isa = PBXGroup;
			children = (
				F9A814C81A95F9460059D7C2 /* Info.plist */,
			);
			name = "Supporting Files";
			sourceTree = "<group>";
		};
/* End PBXGroup section */

/* Begin PBXNativeTarget section */
		F9A814A31A95F9460059D7C2 /* test */ = {
			isa = PBXNativeTarget;
			buildConfigurationList = F9A814CD1A95F9460059D7C2 /* Build configuration list for PBXNativeTarget "test" */;
			buildPhases = (
				F9A814A01A95F9460059D7C2 /* Sources */,
				F9A814A11A95F9460059D7C2 /* Frameworks */,
				F9A814A21A95F9460059D7C2 /* Resources */,
			);
			buildRules = (
			);
			dependencies = (
			);
			name = test;
			productName = test;
			productReference = F9A814A41A95F9460059D7C2 /* test.app */;
			productType = "com.apple.product-type.application";
		};
		F9A814C21A95F9460059D7C2 /* testTests */ = {
			isa = PBXNativeTarget;
			buildConfigurationList = F9A814D01A95F9460059D7C2 /* Build configuration list for PBXNativeTarget "testTests" */;
			buildPhases = (
				F9A814BF1A95F9460059D7C2 /* Sources */,
				F9A814C01A95F9460059D7C2 /* Frameworks */,
				F9A814C11A95F9460059D7C2 /* Resources */,
			);
			buildRules = (
			);
			dependencies = (
				F9A814C51A95F9460059D7C2 /* PBXTargetDependency */,
			);
			name = testTests;
			productName = testTests;
			productReference = F9A814C31A95F9460059D7C2 /* testTests.xctest */;
			productType = "com.apple.product-type.bundle.unit-test";
		};
/* End PBXNativeTarget section */

/* Begin PBXProject section */
		F9A8149C1A95F9460059D7C2 /* Project object */ = {
			isa = PBXProject;
			attributes = {
				LastUpgradeCheck = 0610;
				ORGANIZATIONNAME = g12;
				TargetAttributes = {
					F9A814A31A95F9460059D7C2 = {
						CreatedOnToolsVersion = 6.1;
					};
					F9A814C21A95F9460059D7C2 = {
						CreatedOnToolsVersion = 6.1;
						TestTargetID = F9A814A31A95F9460059D7C2;
					};
				};
			};
			buildConfigurationList = F9A8149F1A95F9460059D7C2 /* Build configuration list for PBXProject "test" */;
			compatibilityVersion = "Xcode 3.2";
			developmentRegion = English;
			hasScannedForEncodings = 0;
			knownRegions = (
				en,
				Base,
			);
			mainGroup = F9A8149B1A95F9460059D7C2;
			productRefGroup = F9A814A51A95F9460059D7C2 /* Products */;
			projectDirPath = "";
			projectRoot = "";
			targets = (
				F9A814A31A95F9460059D7C2 /* test */,
				F9A814C21A95F9460059D7C2 /* testTests */,
			);
		};
/* End PBXProject section */

/* Begin PBXResourcesBuildPhase section */
		F9A814A21A95F9460059D7C2 /* Resources */ = {
			isa = PBXResourcesBuildPhase;
			buildActionMask = 2147483647;
			files = (
				F9A814B91A95F9460059D7C2 /* Main.storyboard in Resources */,
				F9A814BE1A95F9460059D7C2 /* LaunchScreen.xib in Resources */,
				F9A814BB1A95F9460059D7C2 /* Images.xcassets in Resources */,
			);
			runOnlyForDeploymentPostprocessing = 0;
		};
		F9A814C11A95F9460059D7C2 /* Resources */ = {
			isa = PBXResourcesBuildPhase;
			buildActionMask = 2147483647;
			files = (
			);
			runOnlyForDeploymentPostprocessing = 0;
		};
/* End PBXResourcesBuildPhase section */

/* Begin PBXSourcesBuildPhase section */
		F9A814A01A95F9460059D7C2 /* Sources */ = {
			isa = PBXSourcesBuildPhase;
			buildActionMask = 2147483647;
			files = (
				F9A814B61A95F9460059D7C2 /* DetailViewController.m in Sources */,
				F9A814DA1A961E250059D7C2 /* MCAccessibilityView.m in Sources */,
				F9A814B31A95F9460059D7C2 /* MasterViewController.m in Sources */,
				F9A814D71A961A9B0059D7C2 /* g12TableViewCell.m in Sources */,
				F9A814AD1A95F9460059D7C2 /* AppDelegate.m in Sources */,
				F9A814AA1A95F9460059D7C2 /* main.m in Sources */,
				F9A814B01A95F9460059D7C2 /* test.xcdatamodeld in Sources */,
			);
			runOnlyForDeploymentPostprocessing = 0;
		};
		F9A814BF1A95F9460059D7C2 /* Sources */ = {
			isa = PBXSourcesBuildPhase;
			buildActionMask = 2147483647;
			files = (
				F9A814CA1A95F9460059D7C2 /* testTests.m in Sources */,
			);
			runOnlyForDeploymentPostprocessing = 0;
		};
/* End PBXSourcesBuildPhase section */

/* Begin PBXTargetDependency section */
		F9A814C51A95F9460059D7C2 /* PBXTargetDependency */ = {
			isa = PBXTargetDependency;
			target = F9A814A31A95F9460059D7C2 /* test */;
			targetProxy = F9A814C41A95F9460059D7C2 /* PBXContainerItemProxy */;
		};
/* End PBXTargetDependency section */

/* Begin PBXVariantGroup section */
		F9A814B71A95F9460059D7C2 /* Main.storyboard */ = {
			isa = PBXVariantGroup;
			children = (
				F9A814B81A95F9460059D7C2 /* Base */,
			);
			name = Main.storyboard;
			sourceTree = "<group>";
		};
		F9A814BC1A95F9460059D7C2 /* LaunchScreen.xib */ = {
			isa = PBXVariantGroup;
			children = (
				F9A814BD1A95F9460059D7C2 /* Base */,
			);
			name = LaunchScreen.xib;
			sourceTree = "<group>";
		};
/* End PBXVariantGroup section */

/* Begin XCBuildConfiguration section */
		F9A814CB1A95F9460059D7C2 /* Debug */ = {
			isa = XCBuildConfiguration;
			buildSettings = {
				ALWAYS_SEARCH_USER_PATHS = NO;
				CLANG_CXX_LANGUAGE_STANDARD = "gnu++0x";
				CLANG_CXX_LIBRARY = "libc++";
				CLANG_ENABLE_MODULES = YES;
				CLANG_ENABLE_OBJC_ARC = YES;
				CLANG_WARN_BOOL_CONVERSION = YES;
				CLANG_WARN_CONSTANT_CONVERSION = YES;
				CLANG_WARN_DIRECT_OBJC_ISA_USAGE = YES_ERROR;
				CLANG_WARN_EMPTY_BODY = YES;
				CLANG_WARN_ENUM_CONVERSION = YES;
				CLANG_WARN_INT_CONVERSION = YES;
				CLANG_WARN_OBJC_ROOT_CLASS = YES_ERROR;
				CLANG_WARN_UNREACHABLE_CODE = YES;
				CLANG_WARN__DUPLICATE_METHOD_MATCH = YES;
				"CODE_SIGN_IDENTITY[sdk=iphoneos*]" = "iPhone Developer";
				COPY_PHASE_STRIP = NO;
				ENABLE_STRICT_OBJC_MSGSEND = YES;
				GCC_C_LANGUAGE_STANDARD = gnu99;
				GCC_DYNAMIC_NO_PIC = NO;
				GCC_OPTIMIZATION_LEVEL = 0;
				GCC_PREPROCESSOR_DEFINITIONS = (
					"DEBUG=1",
					"$(inherited)",
				);
				GCC_SYMBOLS_PRIVATE_EXTERN = NO;
				GCC_WARN_64_TO_32_BIT_CONVERSION = YES;
				GCC_WARN_ABOUT_RETURN_TYPE = YES_ERROR;
				GCC_WARN_UNDECLARED_SELECTOR = YES;
				GCC_WARN_UNINITIALIZED_AUTOS = YES_AGGRESSIVE;
				GCC_WARN_UNUSED_FUNCTION = YES;
				GCC_WARN_UNUSED_VARIABLE = YES;
				IPHONEOS_DEPLOYMENT_TARGET = 8.1;
				MTL_ENABLE_DEBUG_INFO = YES;
				ONLY_ACTIVE_ARCH = YES;
				SDKROOT = iphoneos;
				TARGETED_DEVICE_FAMILY = "1,2";
			};
			name = Debug;
		};
		F9A814CC1A95F9460059D7C2 /* Release */ = {
			isa = XCBuildConfiguration;
			buildSettings = {
				ALWAYS_SEARCH_USER_PATHS = NO;
				CLANG_CXX_LANGUAGE_STANDARD = "gnu++0x";
				CLANG_CXX_LIBRARY = "libc++";
				CLANG_ENABLE_MODULES = YES;
				CLANG_ENABLE_OBJC_ARC = YES;
				CLANG_WARN_BOOL_CONVERSION = YES;
				CLANG_WARN_CONSTANT_CONVERSION = YES;
				CLANG_WARN_DIRECT_OBJC_ISA_USAGE = YES_ERROR;
				CLANG_WARN_EMPTY_BODY = YES;
				CLANG_WARN_ENUM_CONVERSION = YES;
				CLANG_WARN_INT_CONVERSION = YES;
				CLANG_WARN_OBJC_ROOT_CLASS = YES_ERROR;
				CLANG_WARN_UNREACHABLE_CODE = YES;
				CLANG_WARN__DUPLICATE_METHOD_MATCH = YES;
				"CODE_SIGN_IDENTITY[sdk=iphoneos*]" = "iPhone Developer";
				COPY_PHASE_STRIP = YES;
				ENABLE_NS_ASSERTIONS = NO;
				ENABLE_STRICT_OBJC_MSGSEND = YES;
				GCC_C_LANGUAGE_STANDARD = gnu99;
				GCC_WARN_64_TO_32_BIT_CONVERSION = YES;
				GCC_WARN_ABOUT_RETURN_TYPE = YES_ERROR;
				GCC_WARN_UNDECLARED_SELECTOR = YES;
				GCC_WARN_UNINITIALIZED_AUTOS = YES_AGGRESSIVE;
				GCC_WARN_UNUSED_FUNCTION = YES;
				GCC_WARN_UNUSED_VARIABLE = YES;
				IPHONEOS_DEPLOYMENT_TARGET = 8.1;
				MTL_ENABLE_DEBUG_INFO = NO;
				SDKROOT = iphoneos;
				TARGETED_DEVICE_FAMILY = "1,2";
				VALIDATE_PRODUCT = YES;
			};
			name = Release;
		};
		F9A814CE1A95F9460059D7C2 /* Debug */ = {
			isa = XCBuildConfiguration;
			buildSettings = {
				ASSETCATALOG_COMPILER_APPICON_NAME = AppIcon;
				INFOPLIST_FILE = test/Info.plist;
				LD_RUNPATH_SEARCH_PATHS = "$(inherited) @executable_path/Frameworks";
				PRODUCT_NAME = "$(TARGET_NAME)";
			};
			name = Debug;
		};
		F9A814CF1A95F9460059D7C2 /* Release */ = {
			isa = XCBuildConfiguration;
			buildSettings = {
				ASSETCATALOG_COMPILER_APPICON_NAME = AppIcon;
				INFOPLIST_FILE = test/Info.plist;
				LD_RUNPATH_SEARCH_PATHS = "$(inherited) @executable_path/Frameworks";
				PRODUCT_NAME = "$(TARGET_NAME)";
			};
			name = Release;
		};
		F9A814D11A95F9460059D7C2 /* Debug */ = {
			isa = XCBuildConfiguration;
			buildSettings = {
				BUNDLE_LOADER = "$(TEST_HOST)";
				FRAMEWORK_SEARCH_PATHS = (
					"$(SDKROOT)/Developer/Library/Frameworks",
					"$(inherited)",
				);
				GCC_PREPROCESSOR_DEFINITIONS = (
					"DEBUG=1",
					"$(inherited)",
				);
				INFOPLIST_FILE = testTests/Info.plist;
				LD_RUNPATH_SEARCH_PATHS = "$(inherited) @executable_path/Frameworks @loader_path/Frameworks";
				PRODUCT_NAME = "$(TARGET_NAME)";
				TEST_HOST = "$(BUILT_PRODUCTS_DIR)/test.app/test";
			};
			name = Debug;
		};
		F9A814D21A95F9460059D7C2 /* Release */ = {
			isa = XCBuildConfiguration;
			buildSettings = {
				BUNDLE_LOADER = "$(TEST_HOST)";
				FRAMEWORK_SEARCH_PATHS = (
					"$(SDKROOT)/Developer/Library/Frameworks",
					"$(inherited)",
				);
				INFOPLIST_FILE = testTests/Info.plist;
				LD_RUNPATH_SEARCH_PATHS = "$(inherited) @executable_path/Frameworks @loader_path/Frameworks";
				PRODUCT_NAME = "$(TARGET_NAME)";
				TEST_HOST = "$(BUILT_PRODUCTS_DIR)/test.app/test";
			};
			name = Release;
		};
/* End XCBuildConfiguration section */

/* Begin XCConfigurationList section */
		F9A8149F1A95F9460059D7C2 /* Build configuration list for PBXProject "test" */ = {
			isa = XCConfigurationList;
			buildConfigurations = (
				F9A814CB1A95F9460059D7C2 /* Debug */,
				F9A814CC1A95F9460059D7C2 /* Release */,
			);
			defaultConfigurationIsVisible = 0;
			defaultConfigurationName = Release;
		};
		F9A814CD1A95F9460059D7C2 /* Build configuration list for PBXNativeTarget "test" */ = {
			isa = XCConfigurationList;
			buildConfigurations = (
				F9A814CE1A95F9460059D7C2 /* Debug */,
				F9A814CF1A95F9460059D7C2 /* Release */,
			);
			defaultConfigurationIsVisible = 0;
		};
		F9A814D01A95F9460059D7C2 /* Build configuration list for PBXNativeTarget "testTests" */ = {
			isa = XCConfigurationList;
			buildConfigurations = (
				F9A814D11A95F9460059D7C2 /* Debug */,
				F9A814D21A95F9460059D7C2 /* Release */,
			);
			defaultConfigurationIsVisible = 0;
		};
/* End XCConfigurationList section */

/* Begin XCVersionGroup section */
		F9A814AE1A95F9460059D7C2 /* test.xcdatamodeld */ = {
			isa = XCVersionGroup;
			children = (
				F9A814AF1A95F9460059D7C2 /* test.xcdatamodel */,
			);
			currentVersion = F9A814AF1A95F9460059D7C2 /* test.xcdatamodel */;
			path = test.xcdatamodeld;
			sourceTree = "<group>";
			versionGroupType = wrapper.xcdatamodel;
		};
/* End XCVersionGroup section */
	};
	rootObject = F9A8149C1A95F9460059D7C2 /* Project object */;
}
